<Solution>
  <Project Path="planningRecette.Domain/planningRecette.Domain.csproj" Id="3d44ba0b-ec5e-45af-ae77-cbd01c548b64" />
  <Project Path="planningRecette.Tests/planningRecette.Domain.Tests.csproj" Id="04a5d55d-cf35-4aea-beaa-af5d2214799e" />
  <Project Path="planningRecette/planningRecette.csproj" />
</Solution>
